
Microsoft Visual Studio Solution File, Format Version 12.00
# Visual Studio Version 17
VisualStudioVersion = 17.3.32804.467
MinimumVisualStudioVersion = 10.0.40219.1
Project("{2150E333-8FDC-42A3-9474-1A3956D46DE8}") = "Tests", "Tests", "{2B1A6D1D-EB89-4DF2-B29D-C0A821E34247}"
	ProjectSection(SolutionItems) = preProject
		Tests\Directory.Build.props = Tests\Directory.Build.props
	EndProjectSection
EndProject
Project("{2150E333-8FDC-42A3-9474-1A3956D46DE8}") = "Utils", "Utils", "{6CF0900F-6B75-419D-9EE1-F1E502170755}"
	ProjectSection(SolutionItems) = preProject
		Utils\Directory.Build.props = Utils\Directory.Build.props
	EndProjectSection
EndProject
Project("{9A19103F-16F7-4668-BE54-9A1E7A4F7556}") = "Tests.Dybal.Utils.Guards", "Tests\Tests.Dybal.Utils.Guards\Tests.Dybal.Utils.Guards.csproj", "{D0A15B5E-429E-4D78-80E2-29DD79FF71E6}"
EndProject
Project("{9A19103F-16F7-4668-BE54-9A1E7A4F7556}") = "Dybal.Utils.Guards", "Utils\Dybal.Utils.Guards\Dybal.Utils.Guards.csproj", "{6A0EB9D9-451D-4847-90EF-8B3ACCEB7D41}"
EndProject
Project("{9A19103F-16F7-4668-BE54-9A1E7A4F7556}") = "Dybal.Utils.Guards.ObjectExtensions", "Utils\Dybal.Utils.Guards.ObjectExtensions\Dybal.Utils.Guards.ObjectExtensions.csproj", "{B32CFAF0-7EE3-4912-99E4-7DBBCEA12064}"
EndProject
Project("{9A19103F-16F7-4668-BE54-9A1E7A4F7556}") = "Tests.Dybal.Utils.Guards.ObjectExtensions", "Tests\Tests.Dybal.Utils.Guards.ObjectExtensions\Tests.Dybal.Utils.Guards.ObjectExtensions.csproj", "{2240B9AC-6E48-4109-9F44-80C4C9FA9A5A}"
EndProject
Global
	GlobalSection(SolutionConfigurationPlatforms) = preSolution
		Debug|Any CPU = Debug|Any CPU
		Release|Any CPU = Release|Any CPU
	EndGlobalSection
	GlobalSection(ProjectConfigurationPlatforms) = postSolution
		{D0A15B5E-429E-4D78-80E2-29DD79FF71E6}.Debug|Any CPU.ActiveCfg = Debug|Any CPU
		{D0A15B5E-429E-4D78-80E2-29DD79FF71E6}.Debug|Any CPU.Build.0 = Debug|Any CPU
		{D0A15B5E-429E-4D78-80E2-29DD79FF71E6}.Release|Any CPU.ActiveCfg = Release|Any CPU
		{D0A15B5E-429E-4D78-80E2-29DD79FF71E6}.Release|Any CPU.Build.0 = Release|Any CPU
		{6A0EB9D9-451D-4847-90EF-8B3ACCEB7D41}.Debug|Any CPU.ActiveCfg = Debug|Any CPU
		{6A0EB9D9-451D-4847-90EF-8B3ACCEB7D41}.Debug|Any CPU.Build.0 = Debug|Any CPU
		{6A0EB9D9-451D-4847-90EF-8B3ACCEB7D41}.Release|Any CPU.ActiveCfg = Release|Any CPU
		{6A0EB9D9-451D-4847-90EF-8B3ACCEB7D41}.Release|Any CPU.Build.0 = Release|Any CPU
		{B32CFAF0-7EE3-4912-99E4-7DBBCEA12064}.Debug|Any CPU.ActiveCfg = Debug|Any CPU
		{B32CFAF0-7EE3-4912-99E4-7DBBCEA12064}.Debug|Any CPU.Build.0 = Debug|Any CPU
		{B32CFAF0-7EE3-4912-99E4-7DBBCEA12064}.Release|Any CPU.ActiveCfg = Release|Any CPU
		{B32CFAF0-7EE3-4912-99E4-7DBBCEA12064}.Release|Any CPU.Build.0 = Release|Any CPU
		{2240B9AC-6E48-4109-9F44-80C4C9FA9A5A}.Debug|Any CPU.ActiveCfg = Debug|Any CPU
		{2240B9AC-6E48-4109-9F44-80C4C9FA9A5A}.Debug|Any CPU.Build.0 = Debug|Any CPU
		{2240B9AC-6E48-4109-9F44-80C4C9FA9A5A}.Release|Any CPU.ActiveCfg = Release|Any CPU
		{2240B9AC-6E48-4109-9F44-80C4C9FA9A5A}.Release|Any CPU.Build.0 = Release|Any CPU
	EndGlobalSection
	GlobalSection(SolutionProperties) = preSolution
		HideSolutionNode = FALSE
	EndGlobalSection
	GlobalSection(NestedProjects) = preSolution
		{D0A15B5E-429E-4D78-80E2-29DD79FF71E6} = {2B1A6D1D-EB89-4DF2-B29D-C0A821E34247}
		{6A0EB9D9-451D-4847-90EF-8B3ACCEB7D41} = {6CF0900F-6B75-419D-9EE1-F1E502170755}
		{B32CFAF0-7EE3-4912-99E4-7DBBCEA12064} = {6CF0900F-6B75-419D-9EE1-F1E502170755}
		{2240B9AC-6E48-4109-9F44-80C4C9FA9A5A} = {2B1A6D1D-EB89-4DF2-B29D-C0A821E34247}
	EndGlobalSection
	GlobalSection(ExtensibilityGlobals) = postSolution
		SolutionGuid = {863B3DB7-8473-4AE9-9757-BF2FD7100893}
	EndGlobalSection
EndGlobal
